
Microsoft Visual Studio Solution File, Format Version 12.00
# Visual Studio Version 16
VisualStudioVersion = 16.0.28822.285
MinimumVisualStudioVersion = 10.0.40219.1
Project("{2150E333-8FDC-42A3-9474-1A3956D46DE8}") = "Solution", "Solution", "{DC59E8D8-30F7-493B-AC7D-5966AA67298A}"
	ProjectSection(SolutionItems) = preProject
		azure-pipelines.yml = azure-pipelines.yml
		README.md = README.md
	EndProjectSection
EndProject
Project("{9A19103F-16F7-4668-BE54-9A1E7A4F7556}") = "Need4Chat.Client", "Client\Need4Chat.Client.csproj", "{BC11194A-FB69-4D83-B715-5D10C899B92C}"
EndProject
Project("{9A19103F-16F7-4668-BE54-9A1E7A4F7556}") = "Need4Chat.Server", "Server\Need4Chat.Server.csproj", "{36505DC1-65AE-4936-962C-88086FCBA4C6}"
EndProject
Project("{9A19103F-16F7-4668-BE54-9A1E7A4F7556}") = "Need4Chat.Shared", "Shared\Need4Chat.Shared.csproj", "{14C49DAB-5ACB-49DA-9B0D-0C2236A0260B}"
EndProject
Global
	GlobalSection(SolutionConfigurationPlatforms) = preSolution
		Debug|Any CPU = Debug|Any CPU
		Release|Any CPU = Release|Any CPU
	EndGlobalSection
	GlobalSection(ProjectConfigurationPlatforms) = postSolution
		{BC11194A-FB69-4D83-B715-5D10C899B92C}.Debug|Any CPU.ActiveCfg = Debug|Any CPU
		{BC11194A-FB69-4D83-B715-5D10C899B92C}.Debug|Any CPU.Build.0 = Debug|Any CPU
		{BC11194A-FB69-4D83-B715-5D10C899B92C}.Release|Any CPU.ActiveCfg = Release|Any CPU
		{BC11194A-FB69-4D83-B715-5D10C899B92C}.Release|Any CPU.Build.0 = Release|Any CPU
		{36505DC1-65AE-4936-962C-88086FCBA4C6}.Debug|Any CPU.ActiveCfg = Debug|Any CPU
		{36505DC1-65AE-4936-962C-88086FCBA4C6}.Debug|Any CPU.Build.0 = Debug|Any CPU
		{36505DC1-65AE-4936-962C-88086FCBA4C6}.Release|Any CPU.ActiveCfg = Release|Any CPU
		{36505DC1-65AE-4936-962C-88086FCBA4C6}.Release|Any CPU.Build.0 = Release|Any CPU
		{14C49DAB-5ACB-49DA-9B0D-0C2236A0260B}.Debug|Any CPU.ActiveCfg = Debug|Any CPU
		{14C49DAB-5ACB-49DA-9B0D-0C2236A0260B}.Debug|Any CPU.Build.0 = Debug|Any CPU
		{14C49DAB-5ACB-49DA-9B0D-0C2236A0260B}.Release|Any CPU.ActiveCfg = Release|Any CPU
		{14C49DAB-5ACB-49DA-9B0D-0C2236A0260B}.Release|Any CPU.Build.0 = Release|Any CPU
	EndGlobalSection
	GlobalSection(SolutionProperties) = preSolution
		HideSolutionNode = FALSE
	EndGlobalSection
	GlobalSection(ExtensibilityGlobals) = postSolution
		SolutionGuid = {554AC177-3E3F-4BB1-9F22-562E6BFDB33A}
	EndGlobalSection
EndGlobal
